
Microsoft Visual Studio Solution File, Format Version 12.00
# Visual Studio 14
VisualStudioVersion = 14.0.24720.0
MinimumVisualStudioVersion = 10.0.40219.1
Project("{2150E333-8FDC-42A3-9474-1A3956D46DE8}") = "src", "src", "{99E1E339-C50B-446F-9100-8CCE3BE2773F}"
EndProject
Project("{2150E333-8FDC-42A3-9474-1A3956D46DE8}") = "Solution Items", "Solution Items", "{69A1A515-CBD3-49A4-96C5-DC5EC99288C3}"
	ProjectSection(SolutionItems) = preProject
		global.json = global.json
	EndProjectSection
EndProject
Project("{8BB2217D-0F2D-49D1-97BC-3654ED321F3B}") = "COB.Dashboard.Web", "src\COB.Dashboard.Web\COB.Dashboard.Web.xproj", "{D12F8BA3-ECA6-4518-8519-442D786097B5}"
EndProject
Project("{FAE04EC0-301F-11D3-BF4B-00C04F79EFBC}") = "Dashboard.Services", "Dashboard.Services\Dashboard.Services.csproj", "{0E945DA3-E35D-4CFA-82C1-0FB9DA9A2786}"
EndProject
Global
	GlobalSection(SolutionConfigurationPlatforms) = preSolution
		Debug|Any CPU = Debug|Any CPU
		Release|Any CPU = Release|Any CPU
	EndGlobalSection
	GlobalSection(ProjectConfigurationPlatforms) = postSolution
		{D12F8BA3-ECA6-4518-8519-442D786097B5}.Debug|Any CPU.ActiveCfg = Debug|Any CPU
		{D12F8BA3-ECA6-4518-8519-442D786097B5}.Debug|Any CPU.Build.0 = Debug|Any CPU
		{D12F8BA3-ECA6-4518-8519-442D786097B5}.Release|Any CPU.ActiveCfg = Release|Any CPU
		{D12F8BA3-ECA6-4518-8519-442D786097B5}.Release|Any CPU.Build.0 = Release|Any CPU
		{0E945DA3-E35D-4CFA-82C1-0FB9DA9A2786}.Debug|Any CPU.ActiveCfg = Debug|Any CPU
		{0E945DA3-E35D-4CFA-82C1-0FB9DA9A2786}.Debug|Any CPU.Build.0 = Debug|Any CPU
		{0E945DA3-E35D-4CFA-82C1-0FB9DA9A2786}.Release|Any CPU.ActiveCfg = Release|Any CPU
		{0E945DA3-E35D-4CFA-82C1-0FB9DA9A2786}.Release|Any CPU.Build.0 = Release|Any CPU
	EndGlobalSection
	GlobalSection(SolutionProperties) = preSolution
		HideSolutionNode = FALSE
	EndGlobalSection
	GlobalSection(NestedProjects) = preSolution
		{D12F8BA3-ECA6-4518-8519-442D786097B5} = {99E1E339-C50B-446F-9100-8CCE3BE2773F}
		{0E945DA3-E35D-4CFA-82C1-0FB9DA9A2786} = {99E1E339-C50B-446F-9100-8CCE3BE2773F}
	EndGlobalSection
EndGlobal
